
Microsoft Visual Studio Solution File, Format Version 12.00
# Visual Studio Version 16
VisualStudioVersion = 16.0.30804.86
MinimumVisualStudioVersion = 10.0.40219.1
Project("{9A19103F-16F7-4668-BE54-9A1E7A4F7556}") = "PascalSystem.Runtime", "PascalSystem.Runtime\PascalSystem.Runtime.csproj", "{E4D6BC69-DAAE-4CF0-940A-4B146AD22328}"
EndProject
Project("{2150E333-8FDC-42A3-9474-1A3956D46DE8}") = "Solution Items", "Solution Items", "{07FAEE6C-6628-49FC-87EF-EA9DCF77C4E7}"
	ProjectSection(SolutionItems) = preProject
		.editorconfig = .editorconfig
	EndProjectSection
EndProject
Project("{FAE04EC0-301F-11D3-BF4B-00C04F79EFBC}") = "PascalSystem.Model", "PascalSystem.Model\PascalSystem.Model.csproj", "{E93E41B9-5DDA-42D9-A272-CBC7158111AA}"
EndProject
Project("{FAE04EC0-301F-11D3-BF4B-00C04F79EFBC}") = "PascalSystem.Decompilation", "PascalSystem.Decompilation\PascalSystem.Decompilation.csproj", "{57F21456-A3DF-4E96-A260-D49E9881D722}"
EndProject
Project("{FAE04EC0-301F-11D3-BF4B-00C04F79EFBC}") = "PascalSystem.Decompilation.Tests", "PascalSystem.Decompilation.Tests\PascalSystem.Decompilation.Tests.csproj", "{615C3F17-D25F-47C8-82EA-60B9D2A5C9D7}"
EndProject
Global
	GlobalSection(SolutionConfigurationPlatforms) = preSolution
		Debug|Any CPU = Debug|Any CPU
		Release|Any CPU = Release|Any CPU
	EndGlobalSection
	GlobalSection(ProjectConfigurationPlatforms) = postSolution
		{E4D6BC69-DAAE-4CF0-940A-4B146AD22328}.Debug|Any CPU.ActiveCfg = Debug|Any CPU
		{E4D6BC69-DAAE-4CF0-940A-4B146AD22328}.Debug|Any CPU.Build.0 = Debug|Any CPU
		{E4D6BC69-DAAE-4CF0-940A-4B146AD22328}.Release|Any CPU.ActiveCfg = Release|Any CPU
		{E4D6BC69-DAAE-4CF0-940A-4B146AD22328}.Release|Any CPU.Build.0 = Release|Any CPU
		{E93E41B9-5DDA-42D9-A272-CBC7158111AA}.Debug|Any CPU.ActiveCfg = Debug|Any CPU
		{E93E41B9-5DDA-42D9-A272-CBC7158111AA}.Debug|Any CPU.Build.0 = Debug|Any CPU
		{E93E41B9-5DDA-42D9-A272-CBC7158111AA}.Release|Any CPU.ActiveCfg = Release|Any CPU
		{E93E41B9-5DDA-42D9-A272-CBC7158111AA}.Release|Any CPU.Build.0 = Release|Any CPU
		{57F21456-A3DF-4E96-A260-D49E9881D722}.Debug|Any CPU.ActiveCfg = Debug|Any CPU
		{57F21456-A3DF-4E96-A260-D49E9881D722}.Debug|Any CPU.Build.0 = Debug|Any CPU
		{57F21456-A3DF-4E96-A260-D49E9881D722}.Release|Any CPU.ActiveCfg = Release|Any CPU
		{57F21456-A3DF-4E96-A260-D49E9881D722}.Release|Any CPU.Build.0 = Release|Any CPU
		{615C3F17-D25F-47C8-82EA-60B9D2A5C9D7}.Debug|Any CPU.ActiveCfg = Debug|Any CPU
		{615C3F17-D25F-47C8-82EA-60B9D2A5C9D7}.Debug|Any CPU.Build.0 = Debug|Any CPU
		{615C3F17-D25F-47C8-82EA-60B9D2A5C9D7}.Release|Any CPU.ActiveCfg = Release|Any CPU
		{615C3F17-D25F-47C8-82EA-60B9D2A5C9D7}.Release|Any CPU.Build.0 = Release|Any CPU
	EndGlobalSection
	GlobalSection(SolutionProperties) = preSolution
		HideSolutionNode = FALSE
	EndGlobalSection
	GlobalSection(ExtensibilityGlobals) = postSolution
		SolutionGuid = {11BB85CB-B9C0-4C69-8A67-430CED5E8F97}
	EndGlobalSection
EndGlobal
